<?xml version="1.0" encoding="utf-8"?>
<Project ToolsVersion="4.0" xmlns="http://schemas.microsoft.com/developer/msbuild/2003">
  <ItemGroup>
    <Filter Include="Source Files">
      <UniqueIdentifier>{4FC737F1-C7A5-4376-A066-2A32D752A2FF}</UniqueIdentifier>
      <Extensions>cpp;c;cc;cxx;c++;cppm;ixx;def;odl;idl;hpj;bat;asm;asmx</Extensions>
    </Filter>
    <Filter Include="Header Files">
      <UniqueIdentifier>{93995380-89BD-4b04-88EB-625FBE52EBFB}</UniqueIdentifier>
      <Extensions>h;hh;hpp;hxx;h++;hm;inl;inc;ipp;xsd</Extensions>
    </Filter>
    <Filter Include="Resource Files">
      <UniqueIdentifier>{67DA6AB6-F800-4c08-8B7A-83BB121AAD01}</UniqueIdentifier>
      <Extensions>rc;ico;cur;bmp;dlg;rc2;rct;bin;rgs;gif;jpg;jpeg;jpe;resx;tiff;tif;png;wav;mfcribbon-ms</Extensions>
    </Filter>
    <Filter Include="Header Files\Weapons">
      <UniqueIdentifier>{058881ac-c518-438b-971e-8b4f73160024}</UniqueIdentifier>
    </Filter>
    <Filter Include="Source Files\Weapons">
      <UniqueIdentifier>{79018874-969e-42c2-b479-631737f5b0ea}</UniqueIdentifier>
    </Filter>
    <Filter Include="Source Files\Monsters">
      <UniqueIdentifier>{1b781959-69f8-4459-8e33-143ca66e6271}</UniqueIdentifier>
    </Filter>
    <Filter Include="Header Files\Monsters">
      <UniqueIdentifier>{5a293de0-df10-49d4-82d2-15d726de534f}</UniqueIdentifier>
    </Filter>
  </ItemGroup>
  <ItemGroup>
    <ClCompile Include="main.cpp">
      <Filter>Source Files</Filter>
    </ClCompile>
    <ClCompile Include="Randomizer.cpp">
      <Filter>Source Files</Filter>
    </ClCompile>
    <ClCompile Include="Dagger.cpp">
      <Filter>Source Files\Weapons</Filter>
    </ClCompile>
    <ClCompile Include="Sword.cpp">
      <Filter>Source Files\Weapons</Filter>
    </ClCompile>
    <ClCompile Include="Wand.cpp">
      <Filter>Source Files\Weapons</Filter>
    </ClCompile>
    <ClCompile Include="Weapons.cpp">
      <Filter>Source Files\Weapons</Filter>
    </ClCompile>
    <ClCompile Include="EasyMonster.cpp">
      <Filter>Source Files\Monsters</Filter>
    </ClCompile>
    <ClCompile Include="HardMonster.cpp">
      <Filter>Source Files\Monsters</Filter>
    </ClCompile>
    <ClCompile Include="Monsters.cpp">
      <Filter>Source Files\Monsters</Filter>
    </ClCompile>
    <ClCompile Include="Health.cpp">
      <Filter>Source Files</Filter>
    </ClCompile>
    <ClCompile Include="Player.cpp">
      <Filter>Source Files</Filter>
    </ClCompile>
  </ItemGroup>
  <ItemGroup>
    <ClInclude Include="Randomizer.h">
      <Filter>Header Files</Filter>
    </ClInclude>
    <ClInclude Include="Weapons.h">
      <Filter>Header Files\Weapons</Filter>
    </ClInclude>
    <ClInclude Include="Wand.h">
      <Filter>Header Files\Weapons</Filter>
    </ClInclude>
    <ClInclude Include="Sword.h">
      <Filter>Header Files\Weapons</Filter>
    </ClInclude>
    <ClInclude Include="Dagger.h">
      <Filter>Header Files\Weapons</Filter>
    </ClInclude>
    <ClInclude Include="EasyMonster.h">
      <Filter>Header Files\Monsters</Filter>
    </ClInclude>
    <ClInclude Include="HardMonster.h">
      <Filter>Header Files\Monsters</Filter>
    </ClInclude>
    <ClInclude Include="Monsters.h">
      <Filter>Header Files\Monsters</Filter>
    </ClInclude>
    <ClInclude Include="Health.h">
      <Filter>Header Files</Filter>
    </ClInclude>
    <ClInclude Include="Player.h">
      <Filter>Header Files</Filter>
    </ClInclude>
  </ItemGroup>
  <ItemGroup>
    <None Include="README.md">
      <Filter>Source Files</Filter>
    </None>
  </ItemGroup>
</Project>